github.com/pkg/errors v0.8.1 h1:iURUrRGxPUNPdy5/HRSm+Yj6okJ6UtLINN0Q9M4+h3I=
github.com/pkg/errors v0.8.1/go.mod h1:bwawxfHBFNV+L2hUp1rHADufV3IMtnDRdf1r5NINEl0=
github.com/rickb777/date v1.8.1 h1:1KKjJDb+S/F6tDlyqV6MfaUQorfNocbi7qE4302uwE8=
github.com/rickb777/date v1.8.1/go.mod h1:QSyr5iBR6BU6RjOj5zg0mnp+V061Wb/E7UJU0IgPrug=
github.com/rickb777/plural v1.2.0 h1:5tvEc7UBCZ7l8h/2UeybSkt/uu1DQsZFOFdNevmUhlE=
github.com/rickb777/plural v1.2.0/go.mod h1:UdpyWFCGbo3mvK3f/PfZOAOrkjzJlYN/sD46XNWJ+Es=
